
Microsoft Visual Studio Solution File, Format Version 12.00
Project("{FAE04EC0-301F-11D3-BF4B-00C04F79EFBC}") = "UploadFileBackend.Api", "UploadFileBackend.Api\UploadFileBackend.Api.csproj", "{CCBB6870-E17B-4C15-8513-2C52AF841CC0}"
EndProject
Project("{FAE04EC0-301F-11D3-BF4B-00C04F79EFBC}") = "UploadFileBackend.Core", "UploadFileBackend.Core\UploadFileBackend.Core.csproj", "{B477FE22-F1B7-4AFD-B804-E50735ECBC50}"
EndProject
Project("{FAE04EC0-301F-11D3-BF4B-00C04F79EFBC}") = "UploadFileBackend.Models", "UploadFileBackend.Models\UploadFileBackend.Models.csproj", "{D14515D3-E20F-4583-8426-64D1980736BA}"
EndProject
Global
	GlobalSection(SolutionConfigurationPlatforms) = preSolution
		Debug|Any CPU = Debug|Any CPU
		Release|Any CPU = Release|Any CPU
	EndGlobalSection
	GlobalSection(ProjectConfigurationPlatforms) = postSolution
		{CCBB6870-E17B-4C15-8513-2C52AF841CC0}.Debug|Any CPU.ActiveCfg = Debug|Any CPU
		{CCBB6870-E17B-4C15-8513-2C52AF841CC0}.Debug|Any CPU.Build.0 = Debug|Any CPU
		{CCBB6870-E17B-4C15-8513-2C52AF841CC0}.Release|Any CPU.ActiveCfg = Release|Any CPU
		{CCBB6870-E17B-4C15-8513-2C52AF841CC0}.Release|Any CPU.Build.0 = Release|Any CPU
		{B477FE22-F1B7-4AFD-B804-E50735ECBC50}.Debug|Any CPU.ActiveCfg = Debug|Any CPU
		{B477FE22-F1B7-4AFD-B804-E50735ECBC50}.Debug|Any CPU.Build.0 = Debug|Any CPU
		{B477FE22-F1B7-4AFD-B804-E50735ECBC50}.Release|Any CPU.ActiveCfg = Release|Any CPU
		{B477FE22-F1B7-4AFD-B804-E50735ECBC50}.Release|Any CPU.Build.0 = Release|Any CPU
		{D14515D3-E20F-4583-8426-64D1980736BA}.Debug|Any CPU.ActiveCfg = Debug|Any CPU
		{D14515D3-E20F-4583-8426-64D1980736BA}.Debug|Any CPU.Build.0 = Debug|Any CPU
		{D14515D3-E20F-4583-8426-64D1980736BA}.Release|Any CPU.ActiveCfg = Release|Any CPU
		{D14515D3-E20F-4583-8426-64D1980736BA}.Release|Any CPU.Build.0 = Release|Any CPU
	EndGlobalSection
EndGlobal
